
Microsoft Visual Studio Solution File, Format Version 12.00
# Visual Studio Version 17
VisualStudioVersion = 17.4.33205.214
MinimumVisualStudioVersion = 10.0.40219.1
Project("{9A19103F-16F7-4668-BE54-9A1E7A4F7556}") = "TabhHane.Server", "TabhHane\Server\TabhHane.Server.csproj", "{7D968558-BFA1-486D-AA04-75EB4FD75D0A}"
EndProject
Project("{9A19103F-16F7-4668-BE54-9A1E7A4F7556}") = "TabhHane.Client", "TabhHane\Client\TabhHane.Client.csproj", "{7B641D23-FE04-48E5-AB67-7969EE09DD0F}"
EndProject
Project("{9A19103F-16F7-4668-BE54-9A1E7A4F7556}") = "TabhHane.Shared", "TabhHane\Shared\TabhHane.Shared.csproj", "{0ABA6813-6DC3-41A2-9E4E-B896F405E357}"
EndProject
Project("{9A19103F-16F7-4668-BE54-9A1E7A4F7556}") = "TabhHane.Server.Data", "TabhHane.Server.Data\TabhHane.Server.Data.csproj", "{24622A73-A094-46B1-82CA-29AC385A590D}"
EndProject
Global
	GlobalSection(SolutionConfigurationPlatforms) = preSolution
		Debug|Any CPU = Debug|Any CPU
		Release|Any CPU = Release|Any CPU
	EndGlobalSection
	GlobalSection(ProjectConfigurationPlatforms) = postSolution
		{7D968558-BFA1-486D-AA04-75EB4FD75D0A}.Debug|Any CPU.ActiveCfg = Debug|Any CPU
		{7D968558-BFA1-486D-AA04-75EB4FD75D0A}.Debug|Any CPU.Build.0 = Debug|Any CPU
		{7D968558-BFA1-486D-AA04-75EB4FD75D0A}.Release|Any CPU.ActiveCfg = Release|Any CPU
		{7D968558-BFA1-486D-AA04-75EB4FD75D0A}.Release|Any CPU.Build.0 = Release|Any CPU
		{7B641D23-FE04-48E5-AB67-7969EE09DD0F}.Debug|Any CPU.ActiveCfg = Debug|Any CPU
		{7B641D23-FE04-48E5-AB67-7969EE09DD0F}.Debug|Any CPU.Build.0 = Debug|Any CPU
		{7B641D23-FE04-48E5-AB67-7969EE09DD0F}.Release|Any CPU.ActiveCfg = Release|Any CPU
		{7B641D23-FE04-48E5-AB67-7969EE09DD0F}.Release|Any CPU.Build.0 = Release|Any CPU
		{0ABA6813-6DC3-41A2-9E4E-B896F405E357}.Debug|Any CPU.ActiveCfg = Debug|Any CPU
		{0ABA6813-6DC3-41A2-9E4E-B896F405E357}.Debug|Any CPU.Build.0 = Debug|Any CPU
		{0ABA6813-6DC3-41A2-9E4E-B896F405E357}.Release|Any CPU.ActiveCfg = Release|Any CPU
		{0ABA6813-6DC3-41A2-9E4E-B896F405E357}.Release|Any CPU.Build.0 = Release|Any CPU
		{24622A73-A094-46B1-82CA-29AC385A590D}.Debug|Any CPU.ActiveCfg = Debug|Any CPU
		{24622A73-A094-46B1-82CA-29AC385A590D}.Debug|Any CPU.Build.0 = Debug|Any CPU
		{24622A73-A094-46B1-82CA-29AC385A590D}.Release|Any CPU.ActiveCfg = Release|Any CPU
		{24622A73-A094-46B1-82CA-29AC385A590D}.Release|Any CPU.Build.0 = Release|Any CPU
	EndGlobalSection
	GlobalSection(SolutionProperties) = preSolution
		HideSolutionNode = FALSE
	EndGlobalSection
	GlobalSection(ExtensibilityGlobals) = postSolution
		SolutionGuid = {FA816AED-6E59-40A2-833C-5DB8C33A5669}
	EndGlobalSection
EndGlobal
